# This file is automatically @generated by Cargo.
# It is not intended for manual editing.
version = 3

[[package]]
name = "iwp"
version = "0.1.2"
dependencies = [
 "poloto",
]

[[package]]
name = "poloto"
version = "1.8.3"
source = "registry+https://github.com/rust-lang/crates.io-index"
checksum = "503d4b84d27caedc251a2c293c15c02599c58a07c26bcc71c513bef83d0caae6"
dependencies = [
 "tagger",
]

[[package]]
name = "tagger"
version = "1.0.1"
source = "registry+https://github.com/rust-lang/crates.io-index"
checksum = "6553158629ef6b35e868462ac251e77c8817f11e80a74cc4206078a0c43da9ad"
